// !$*UTF8*$!
{
	archiveVersion = 1;
	classes = {
	};
	objectVersion = 56;
	objects = {

/* Begin PBXBuildFile section */
		94D222A5F17378B106E11AE6 /* Pods_MusicPlayer.framework in Frameworks */ = {isa = PBXBuildFile; fileRef = A120F0C2C5AC187CCAD59B2D /* Pods_MusicPlayer.framework */; };
		B50438C22C9E72B200AFC232 /* AppDelegate.swift in Sources */ = {isa = PBXBuildFile; fileRef = B50438C12C9E72B200AFC232 /* AppDelegate.swift */; };
		B50438C42C9E72B200AFC232 /* SceneDelegate.swift in Sources */ = {isa = PBXBuildFile; fileRef = B50438C32C9E72B200AFC232 /* SceneDelegate.swift */; };
		B50438C62C9E72B200AFC232 /* ViewController.swift in Sources */ = {isa = PBXBuildFile; fileRef = B50438C52C9E72B200AFC232 /* ViewController.swift */; };
		B50438C92C9E72B200AFC232 /* Main.storyboard in Resources */ = {isa = PBXBuildFile; fileRef = B50438C72C9E72B200AFC232 /* Main.storyboard */; };
		B50438CB2C9E72B400AFC232 /* Assets.xcassets in Resources */ = {isa = PBXBuildFile; fileRef = B50438CA2C9E72B400AFC232 /* Assets.xcassets */; };
		B50438CE2C9E72B400AFC232 /* LaunchScreen.storyboard in Resources */ = {isa = PBXBuildFile; fileRef = B50438CC2C9E72B400AFC232 /* LaunchScreen.storyboard */; };
		B504391B2C9E74F900AFC232 /* AppNavigation.framework in Frameworks */ = {isa = PBXBuildFile; fileRef = B504391A2C9E74F900AFC232 /* AppNavigation.framework */; };
		B504391C2C9E74F900AFC232 /* AppNavigation.framework in Embed Frameworks */ = {isa = PBXBuildFile; fileRef = B504391A2C9E74F900AFC232 /* AppNavigation.framework */; settings = {ATTRIBUTES = (CodeSignOnCopy, RemoveHeadersOnCopy, ); }; };
/* End PBXBuildFile section */

/* Begin PBXCopyFilesBuildPhase section */
		B504391D2C9E74F900AFC232 /* Embed Frameworks */ = {
			isa = PBXCopyFilesBuildPhase;
			buildActionMask = 2147483647;
			dstPath = "";
			dstSubfolderSpec = 10;
			files = (
				B504391C2C9E74F900AFC232 /* AppNavigation.framework in Embed Frameworks */,
			);
			name = "Embed Frameworks";
			runOnlyForDeploymentPostprocessing = 0;
		};
/* End PBXCopyFilesBuildPhase section */

/* Begin PBXFileReference section */
		20D484D962D84977EFC9200A /* Pods-MusicPlayer.release.xcconfig */ = {isa = PBXFileReference; includeInIndex = 1; lastKnownFileType = text.xcconfig; name = "Pods-MusicPlayer.release.xcconfig"; path = "../../Pods/Target Support Files/Pods-MusicPlayer/Pods-MusicPlayer.release.xcconfig"; sourceTree = "<group>"; };
		58B1D23C6992C25D7BE45BCE /* Pods-MusicPlayer.debug.xcconfig */ = {isa = PBXFileReference; includeInIndex = 1; lastKnownFileType = text.xcconfig; name = "Pods-MusicPlayer.debug.xcconfig"; path = "../../Pods/Target Support Files/Pods-MusicPlayer/Pods-MusicPlayer.debug.xcconfig"; sourceTree = "<group>"; };
		A120F0C2C5AC187CCAD59B2D /* Pods_MusicPlayer.framework */ = {isa = PBXFileReference; explicitFileType = wrapper.framework; includeInIndex = 0; path = Pods_MusicPlayer.framework; sourceTree = BUILT_PRODUCTS_DIR; };
		B50438BE2C9E72B200AFC232 /* MusicPlayer.app */ = {isa = PBXFileReference; explicitFileType = wrapper.application; includeInIndex = 0; path = MusicPlayer.app; sourceTree = BUILT_PRODUCTS_DIR; };
		B50438C12C9E72B200AFC232 /* AppDelegate.swift */ = {isa = PBXFileReference; lastKnownFileType = sourcecode.swift; path = AppDelegate.swift; sourceTree = "<group>"; };
		B50438C32C9E72B200AFC232 /* SceneDelegate.swift */ = {isa = PBXFileReference; lastKnownFileType = sourcecode.swift; path = SceneDelegate.swift; sourceTree = "<group>"; };
		B50438C52C9E72B200AFC232 /* ViewController.swift */ = {isa = PBXFileReference; lastKnownFileType = sourcecode.swift; path = ViewController.swift; sourceTree = "<group>"; };
		B50438C82C9E72B200AFC232 /* Base */ = {isa = PBXFileReference; lastKnownFileType = file.storyboard; name = Base; path = Base.lproj/Main.storyboard; sourceTree = "<group>"; };
		B50438CA2C9E72B400AFC232 /* Assets.xcassets */ = {isa = PBXFileReference; lastKnownFileType = folder.assetcatalog; path = Assets.xcassets; sourceTree = "<group>"; };
		B50438CD2C9E72B400AFC232 /* Base */ = {isa = PBXFileReference; lastKnownFileType = file.storyboard; name = Base; path = Base.lproj/LaunchScreen.storyboard; sourceTree = "<group>"; };
		B50438CF2C9E72B400AFC232 /* Info.plist */ = {isa = PBXFileReference; lastKnownFileType = text.plist.xml; path = Info.plist; sourceTree = "<group>"; };
		B504391A2C9E74F900AFC232 /* AppNavigation.framework */ = {isa = PBXFileReference; explicitFileType = wrapper.framework; path = AppNavigation.framework; sourceTree = BUILT_PRODUCTS_DIR; };
/* End PBXFileReference section */

/* Begin PBXFrameworksBuildPhase section */
		B50438BB2C9E72B200AFC232 /* Frameworks */ = {
			isa = PBXFrameworksBuildPhase;
			buildActionMask = 2147483647;
			files = (
				B504391B2C9E74F900AFC232 /* AppNavigation.framework in Frameworks */,
				94D222A5F17378B106E11AE6 /* Pods_MusicPlayer.framework in Frameworks */,
			);
			runOnlyForDeploymentPostprocessing = 0;
		};
/* End PBXFrameworksBuildPhase section */

/* Begin PBXGroup section */
		B50438B52C9E72B200AFC232 = {
			isa = PBXGroup;
			children = (
				B50438C02C9E72B200AFC232 /* MusicPlayer */,
				B50438BF2C9E72B200AFC232 /* Products */,
				B50439192C9E74F900AFC232 /* Frameworks */,
				B97BA3530FEA035FD6E36514 /* Pods */,
			);
			sourceTree = "<group>";
		};
		B50438BF2C9E72B200AFC232 /* Products */ = {
			isa = PBXGroup;
			children = (
				B50438BE2C9E72B200AFC232 /* MusicPlayer.app */,
			);
			name = Products;
			sourceTree = "<group>";
		};
		B50438C02C9E72B200AFC232 /* MusicPlayer */ = {
			isa = PBXGroup;
			children = (
				B50438C12C9E72B200AFC232 /* AppDelegate.swift */,
				B50438C32C9E72B200AFC232 /* SceneDelegate.swift */,
				B50438C52C9E72B200AFC232 /* ViewController.swift */,
				B50438C72C9E72B200AFC232 /* Main.storyboard */,
				B50438CA2C9E72B400AFC232 /* Assets.xcassets */,
				B50438CC2C9E72B400AFC232 /* LaunchScreen.storyboard */,
				B50438CF2C9E72B400AFC232 /* Info.plist */,
			);
			path = MusicPlayer;
			sourceTree = "<group>";
		};
		B50439192C9E74F900AFC232 /* Frameworks */ = {
			isa = PBXGroup;
			children = (
				B504391A2C9E74F900AFC232 /* AppNavigation.framework */,
				A120F0C2C5AC187CCAD59B2D /* Pods_MusicPlayer.framework */,
			);
			name = Frameworks;
			sourceTree = "<group>";
		};
		B97BA3530FEA035FD6E36514 /* Pods */ = {
			isa = PBXGroup;
			children = (
				58B1D23C6992C25D7BE45BCE /* Pods-MusicPlayer.debug.xcconfig */,
				20D484D962D84977EFC9200A /* Pods-MusicPlayer.release.xcconfig */,
			);
			path = Pods;
			sourceTree = "<group>";
		};
/* End PBXGroup section */

/* Begin PBXNativeTarget section */
		B50438BD2C9E72B200AFC232 /* MusicPlayer */ = {
			isa = PBXNativeTarget;
			buildConfigurationList = B50438D22C9E72B400AFC232 /* Build configuration list for PBXNativeTarget "MusicPlayer" */;
			buildPhases = (
				431A8F01A8855791D3C3E749 /* [CP] Check Pods Manifest.lock */,
				B50438BA2C9E72B200AFC232 /* Sources */,
				B50438BB2C9E72B200AFC232 /* Frameworks */,
				B50438BC2C9E72B200AFC232 /* Resources */,
				B504391D2C9E74F900AFC232 /* Embed Frameworks */,
				913026DC3ADDDC8E1F9B5CCE /* [CP] Embed Pods Frameworks */,
			);
			buildRules = (
			);
			dependencies = (
			);
			name = MusicPlayer;
			productName = MusicPlayer;
			productReference = B50438BE2C9E72B200AFC232 /* MusicPlayer.app */;
			productType = "com.apple.product-type.application";
		};
/* End PBXNativeTarget section */

/* Begin PBXProject section */
		B50438B62C9E72B200AFC232 /* Project object */ = {
			isa = PBXProject;
			attributes = {
				BuildIndependentTargetsInParallel = 1;
				LastSwiftUpdateCheck = 1510;
				LastUpgradeCheck = 1510;
				TargetAttributes = {
					B50438BD2C9E72B200AFC232 = {
						CreatedOnToolsVersion = 15.1;
					};
				};
			};
			buildConfigurationList = B50438B92C9E72B200AFC232 /* Build configuration list for PBXProject "MusicPlayer" */;
			compatibilityVersion = "Xcode 14.0";
			developmentRegion = en;
			hasScannedForEncodings = 0;
			knownRegions = (
				en,
				Base,
			);
			mainGroup = B50438B52C9E72B200AFC232;
			productRefGroup = B50438BF2C9E72B200AFC232 /* Products */;
			projectDirPath = "";
			projectRoot = "";
			targets = (
				B50438BD2C9E72B200AFC232 /* MusicPlayer */,
			);
		};
/* End PBXProject section */

/* Begin PBXResourcesBuildPhase section */
		B50438BC2C9E72B200AFC232 /* Resources */ = {
			isa = PBXResourcesBuildPhase;
			buildActionMask = 2147483647;
			files = (
				B50438CE2C9E72B400AFC232 /* LaunchScreen.storyboard in Resources */,
				B50438CB2C9E72B400AFC232 /* Assets.xcassets in Resources */,
				B50438C92C9E72B200AFC232 /* Main.storyboard in Resources */,
			);
			runOnlyForDeploymentPostprocessing = 0;
		};
/* End PBXResourcesBuildPhase section */

/* Begin PBXShellScriptBuildPhase section */
		431A8F01A8855791D3C3E749 /* [CP] Check Pods Manifest.lock */ = {
			isa = PBXShellScriptBuildPhase;
			buildActionMask = 2147483647;
			files = (
			);
			inputFileListPaths = (
			);
			inputPaths = (
				"${PODS_PODFILE_DIR_PATH}/Podfile.lock",
				"${PODS_ROOT}/Manifest.lock",
			);
			name = "[CP] Check Pods Manifest.lock";
			outputFileListPaths = (
			);
			outputPaths = (
				"$(DERIVED_FILE_DIR)/Pods-MusicPlayer-checkManifestLockResult.txt",
			);
			runOnlyForDeploymentPostprocessing = 0;
			shellPath = /bin/sh;
			shellScript = "diff \"${PODS_PODFILE_DIR_PATH}/Podfile.lock\" \"${PODS_ROOT}/Manifest.lock\" > /dev/null\nif [ $? != 0 ] ; then\n    # print error to STDERR\n    echo \"error: The sandbox is not in sync with the Podfile.lock. Run 'pod install' or update your CocoaPods installation.\" >&2\n    exit 1\nfi\n# This output is used by Xcode 'outputs' to avoid re-running this script phase.\necho \"SUCCESS\" > \"${SCRIPT_OUTPUT_FILE_0}\"\n";
			showEnvVarsInLog = 0;
		};
		913026DC3ADDDC8E1F9B5CCE /* [CP] Embed Pods Frameworks */ = {
			isa = PBXShellScriptBuildPhase;
			buildActionMask = 2147483647;
			files = (
			);
			inputFileListPaths = (
				"${PODS_ROOT}/Target Support Files/Pods-MusicPlayer/Pods-MusicPlayer-frameworks-${CONFIGURATION}-input-files.xcfilelist",
			);
			name = "[CP] Embed Pods Frameworks";
			outputFileListPaths = (
				"${PODS_ROOT}/Target Support Files/Pods-MusicPlayer/Pods-MusicPlayer-frameworks-${CONFIGURATION}-output-files.xcfilelist",
			);
			runOnlyForDeploymentPostprocessing = 0;
			shellPath = /bin/sh;
			shellScript = "\"${PODS_ROOT}/Target Support Files/Pods-MusicPlayer/Pods-MusicPlayer-frameworks.sh\"\n";
			showEnvVarsInLog = 0;
		};
/* End PBXShellScriptBuildPhase section */

/* Begin PBXSourcesBuildPhase section */
		B50438BA2C9E72B200AFC232 /* Sources */ = {
			isa = PBXSourcesBuildPhase;
			buildActionMask = 2147483647;
			files = (
				B50438C62C9E72B200AFC232 /* ViewController.swift in Sources */,
				B50438C22C9E72B200AFC232 /* AppDelegate.swift in Sources */,
				B50438C42C9E72B200AFC232 /* SceneDelegate.swift in Sources */,
			);
			runOnlyForDeploymentPostprocessing = 0;
		};
/* End PBXSourcesBuildPhase section */

/* Begin PBXVariantGroup section */
		B50438C72C9E72B200AFC232 /* Main.storyboard */ = {
			isa = PBXVariantGroup;
			children = (
				B50438C82C9E72B200AFC232 /* Base */,
			);
			name = Main.storyboard;
			sourceTree = "<group>";
		};
		B50438CC2C9E72B400AFC232 /* LaunchScreen.storyboard */ = {
			isa = PBXVariantGroup;
			children = (
				B50438CD2C9E72B400AFC232 /* Base */,
			);
			name = LaunchScreen.storyboard;
			sourceTree = "<group>";
		};
/* End PBXVariantGroup section */

/* Begin XCBuildConfiguration section */
		B50438D02C9E72B400AFC232 /* Debug */ = {
			isa = XCBuildConfiguration;
			buildSettings = {
				ALWAYS_SEARCH_USER_PATHS = NO;
				ASSETCATALOG_COMPILER_GENERATE_SWIFT_ASSET_SYMBOL_EXTENSIONS = YES;
				CLANG_ANALYZER_NONNULL = YES;
				CLANG_ANALYZER_NUMBER_OBJECT_CONVERSION = YES_AGGRESSIVE;
				CLANG_CXX_LANGUAGE_STANDARD = "gnu++20";
				CLANG_ENABLE_MODULES = YES;
				CLANG_ENABLE_OBJC_ARC = YES;
				CLANG_ENABLE_OBJC_WEAK = YES;
				CLANG_WARN_BLOCK_CAPTURE_AUTORELEASING = YES;
				CLANG_WARN_BOOL_CONVERSION = YES;
				CLANG_WARN_COMMA = YES;
				CLANG_WARN_CONSTANT_CONVERSION = YES;
				CLANG_WARN_DEPRECATED_OBJC_IMPLEMENTATIONS = YES;
				CLANG_WARN_DIRECT_OBJC_ISA_USAGE = YES_ERROR;
				CLANG_WARN_DOCUMENTATION_COMMENTS = YES;
				CLANG_WARN_EMPTY_BODY = YES;
				CLANG_WARN_ENUM_CONVERSION = YES;
				CLANG_WARN_INFINITE_RECURSION = YES;
				CLANG_WARN_INT_CONVERSION = YES;
				CLANG_WARN_NON_LITERAL_NULL_CONVERSION = YES;
				CLANG_WARN_OBJC_IMPLICIT_RETAIN_SELF = YES;
				CLANG_WARN_OBJC_LITERAL_CONVERSION = YES;
				CLANG_WARN_OBJC_ROOT_CLASS = YES_ERROR;
				CLANG_WARN_QUOTED_INCLUDE_IN_FRAMEWORK_HEADER = YES;
				CLANG_WARN_RANGE_LOOP_ANALYSIS = YES;
				CLANG_WARN_STRICT_PROTOTYPES = YES;
				CLANG_WARN_SUSPICIOUS_MOVE = YES;
				CLANG_WARN_UNGUARDED_AVAILABILITY = YES_AGGRESSIVE;
				CLANG_WARN_UNREACHABLE_CODE = YES;
				CLANG_WARN__DUPLICATE_METHOD_MATCH = YES;
				COPY_PHASE_STRIP = NO;
				DEBUG_INFORMATION_FORMAT = dwarf;
				ENABLE_STRICT_OBJC_MSGSEND = YES;
				ENABLE_TESTABILITY = YES;
				ENABLE_USER_SCRIPT_SANDBOXING = NO;
				GCC_C_LANGUAGE_STANDARD = gnu17;
				GCC_DYNAMIC_NO_PIC = NO;
				GCC_NO_COMMON_BLOCKS = YES;
				GCC_OPTIMIZATION_LEVEL = 0;
				GCC_PREPROCESSOR_DEFINITIONS = (
					"DEBUG=1",
					"$(inherited)",
				);
				GCC_WARN_64_TO_32_BIT_CONVERSION = YES;
				GCC_WARN_ABOUT_RETURN_TYPE = YES_ERROR;
				GCC_WARN_UNDECLARED_SELECTOR = YES;
				GCC_WARN_UNINITIALIZED_AUTOS = YES_AGGRESSIVE;
				GCC_WARN_UNUSED_FUNCTION = YES;
				GCC_WARN_UNUSED_VARIABLE = YES;
				IPHONEOS_DEPLOYMENT_TARGET = 17.2;
				LOCALIZATION_PREFERS_STRING_CATALOGS = YES;
				MTL_ENABLE_DEBUG_INFO = INCLUDE_SOURCE;
				MTL_FAST_MATH = YES;
				ONLY_ACTIVE_ARCH = YES;
				SDKROOT = iphoneos;
				SWIFT_ACTIVE_COMPILATION_CONDITIONS = "DEBUG $(inherited)";
				SWIFT_OPTIMIZATION_LEVEL = "-Onone";
			};
			name = Debug;
		};
		B50438D12C9E72B400AFC232 /* Release */ = {
			isa = XCBuildConfiguration;
			buildSettings = {
				ALWAYS_SEARCH_USER_PATHS = NO;
				ASSETCATALOG_COMPILER_GENERATE_SWIFT_ASSET_SYMBOL_EXTENSIONS = YES;
				CLANG_ANALYZER_NONNULL = YES;
				CLANG_ANALYZER_NUMBER_OBJECT_CONVERSION = YES_AGGRESSIVE;
				CLANG_CXX_LANGUAGE_STANDARD = "gnu++20";
				CLANG_ENABLE_MODULES = YES;
				CLANG_ENABLE_OBJC_ARC = YES;
				CLANG_ENABLE_OBJC_WEAK = YES;
				CLANG_WARN_BLOCK_CAPTURE_AUTORELEASING = YES;
				CLANG_WARN_BOOL_CONVERSION = YES;
				CLANG_WARN_COMMA = YES;
				CLANG_WARN_CONSTANT_CONVERSION = YES;
				CLANG_WARN_DEPRECATED_OBJC_IMPLEMENTATIONS = YES;
				CLANG_WARN_DIRECT_OBJC_ISA_USAGE = YES_ERROR;
				CLANG_WARN_DOCUMENTATION_COMMENTS = YES;
				CLANG_WARN_EMPTY_BODY = YES;
				CLANG_WARN_ENUM_CONVERSION = YES;
				CLANG_WARN_INFINITE_RECURSION = YES;
				CLANG_WARN_INT_CONVERSION = YES;
				CLANG_WARN_NON_LITERAL_NULL_CONVERSION = YES;
				CLANG_WARN_OBJC_IMPLICIT_RETAIN_SELF = YES;
				CLANG_WARN_OBJC_LITERAL_CONVERSION = YES;
				CLANG_WARN_OBJC_ROOT_CLASS = YES_ERROR;
				CLANG_WARN_QUOTED_INCLUDE_IN_FRAMEWORK_HEADER = YES;
				CLANG_WARN_RANGE_LOOP_ANALYSIS = YES;
				CLANG_WARN_STRICT_PROTOTYPES = YES;
				CLANG_WARN_SUSPICIOUS_MOVE = YES;
				CLANG_WARN_UNGUARDED_AVAILABILITY = YES_AGGRESSIVE;
				CLANG_WARN_UNREACHABLE_CODE = YES;
				CLANG_WARN__DUPLICATE_METHOD_MATCH = YES;
				COPY_PHASE_STRIP = NO;
				DEBUG_INFORMATION_FORMAT = "dwarf-with-dsym";
				ENABLE_NS_ASSERTIONS = NO;
				ENABLE_STRICT_OBJC_MSGSEND = YES;
				ENABLE_USER_SCRIPT_SANDBOXING = NO;
				GCC_C_LANGUAGE_STANDARD = gnu17;
				GCC_NO_COMMON_BLOCKS = YES;
				GCC_WARN_64_TO_32_BIT_CONVERSION = YES;
				GCC_WARN_ABOUT_RETURN_TYPE = YES_ERROR;
				GCC_WARN_UNDECLARED_SELECTOR = YES;
				GCC_WARN_UNINITIALIZED_AUTOS = YES_AGGRESSIVE;
				GCC_WARN_UNUSED_FUNCTION = YES;
				GCC_WARN_UNUSED_VARIABLE = YES;
				IPHONEOS_DEPLOYMENT_TARGET = 17.2;
				LOCALIZATION_PREFERS_STRING_CATALOGS = YES;
				MTL_ENABLE_DEBUG_INFO = NO;
				MTL_FAST_MATH = YES;
				SDKROOT = iphoneos;
				SWIFT_COMPILATION_MODE = wholemodule;
				VALIDATE_PRODUCT = YES;
			};
			name = Release;
		};
		B50438D32C9E72B400AFC232 /* Debug */ = {
			isa = XCBuildConfiguration;
			baseConfigurationReference = 58B1D23C6992C25D7BE45BCE /* Pods-MusicPlayer.debug.xcconfig */;
			buildSettings = {
				ASSETCATALOG_COMPILER_APPICON_NAME = AppIcon;
				ASSETCATALOG_COMPILER_GLOBAL_ACCENT_COLOR_NAME = AccentColor;
				CODE_SIGN_STYLE = Automatic;
				CURRENT_PROJECT_VERSION = 1;
				DEVELOPMENT_TEAM = 2ZMT5Z4822;
				GENERATE_INFOPLIST_FILE = YES;
				INFOPLIST_FILE = MusicPlayer/Info.plist;
				INFOPLIST_KEY_UIApplicationSupportsIndirectInputEvents = YES;
				INFOPLIST_KEY_UILaunchStoryboardName = LaunchScreen;
				INFOPLIST_KEY_UIMainStoryboardFile = "";
				INFOPLIST_KEY_UISupportedInterfaceOrientations_iPad = "UIInterfaceOrientationPortrait UIInterfaceOrientationPortraitUpsideDown UIInterfaceOrientationLandscapeLeft UIInterfaceOrientationLandscapeRight";
				INFOPLIST_KEY_UISupportedInterfaceOrientations_iPhone = "UIInterfaceOrientationPortrait UIInterfaceOrientationLandscapeLeft UIInterfaceOrientationLandscapeRight";
				LD_RUNPATH_SEARCH_PATHS = (
					"$(inherited)",
					"@executable_path/Frameworks",
				);
				MARKETING_VERSION = 1.0;
				PRODUCT_BUNDLE_IDENTIFIER = com.rezafath.MusicPlayer;
				PRODUCT_NAME = "$(TARGET_NAME)";
				SWIFT_EMIT_LOC_STRINGS = YES;
				SWIFT_VERSION = 5.0;
				TARGETED_DEVICE_FAMILY = "1,2";
			};
			name = Debug;
		};
		B50438D42C9E72B400AFC232 /* Release */ = {
			isa = XCBuildConfiguration;
			baseConfigurationReference = 20D484D962D84977EFC9200A /* Pods-MusicPlayer.release.xcconfig */;
			buildSettings = {
				ASSETCATALOG_COMPILER_APPICON_NAME = AppIcon;
				ASSETCATALOG_COMPILER_GLOBAL_ACCENT_COLOR_NAME = AccentColor;
				CODE_SIGN_STYLE = Automatic;
				CURRENT_PROJECT_VERSION = 1;
				DEVELOPMENT_TEAM = 2ZMT5Z4822;
				GENERATE_INFOPLIST_FILE = YES;
				INFOPLIST_FILE = MusicPlayer/Info.plist;
				INFOPLIST_KEY_UIApplicationSupportsIndirectInputEvents = YES;
				INFOPLIST_KEY_UILaunchStoryboardName = LaunchScreen;
				INFOPLIST_KEY_UIMainStoryboardFile = "";
				INFOPLIST_KEY_UISupportedInterfaceOrientations_iPad = "UIInterfaceOrientationPortrait UIInterfaceOrientationPortraitUpsideDown UIInterfaceOrientationLandscapeLeft UIInterfaceOrientationLandscapeRight";
				INFOPLIST_KEY_UISupportedInterfaceOrientations_iPhone = "UIInterfaceOrientationPortrait UIInterfaceOrientationLandscapeLeft UIInterfaceOrientationLandscapeRight";
				LD_RUNPATH_SEARCH_PATHS = (
					"$(inherited)",
					"@executable_path/Frameworks",
				);
				MARKETING_VERSION = 1.0;
				PRODUCT_BUNDLE_IDENTIFIER = com.rezafath.MusicPlayer;
				PRODUCT_NAME = "$(TARGET_NAME)";
				SWIFT_EMIT_LOC_STRINGS = YES;
				SWIFT_VERSION = 5.0;
				TARGETED_DEVICE_FAMILY = "1,2";
			};
			name = Release;
		};
/* End XCBuildConfiguration section */

/* Begin XCConfigurationList section */
		B50438B92C9E72B200AFC232 /* Build configuration list for PBXProject "MusicPlayer" */ = {
			isa = XCConfigurationList;
			buildConfigurations = (
				B50438D02C9E72B400AFC232 /* Debug */,
				B50438D12C9E72B400AFC232 /* Release */,
			);
			defaultConfigurationIsVisible = 0;
			defaultConfigurationName = Release;
		};
		B50438D22C9E72B400AFC232 /* Build configuration list for PBXNativeTarget "MusicPlayer" */ = {
			isa = XCConfigurationList;
			buildConfigurations = (
				B50438D32C9E72B400AFC232 /* Debug */,
				B50438D42C9E72B400AFC232 /* Release */,
			);
			defaultConfigurationIsVisible = 0;
			defaultConfigurationName = Release;
		};
/* End XCConfigurationList section */
	};
	rootObject = B50438B62C9E72B200AFC232 /* Project object */;
}
